{
  "name": "canary-echo-ts",
  "lockfileVersion": 3,
  "requires": true,
  "packages": {
    "": {
      "name": "canary-echo-ts",
      "dependencies": {
        "@macula-io/ts": "^0.15.0"
      }
    },
    "node_modules/@macula-io/ts": {
      "version": "0.15.0",
      "resolved": "https://registry.npmjs.org/@macula-io/ts/-/ts-0.15.0.tgz",
      "integrity": "sha512-wHeGkGNBYySZkfh1zAS2HPFy95PAhIP44x1YnAFO7OTE+eizVwXMfPFU0pTLdtoop4Yj1owBWL67stRYh9SbCQ==",
      "license": "Apache-2.0",
      "dependencies": {
        "node-addon-api": "^8.9.2",
        "node-gyp-build": "^4.8.4"
      },
      "engines": {
        "node": ">=24.18.1"
      }
    },
    "node_modules/node-addon-api": {
      "version": "8.9.2",
      "resolved": "https://registry.npmjs.org/node-addon-api/-/node-addon-api-8.9.2.tgz",
      "integrity": "sha512-VijLXbi3UACN69I0JVXJsX4tjACjNoQDgv2gTF6sx2wWEi8tkSg2eX8p5gSIFi8z2+DL3oHmY6OyKce38SDolg==",
      "license": "MIT",
      "engines": {
        "node": "^18 || ^20 || >= 21"
      }
    },
    "node_modules/node-gyp-build": {
      "version": "4.8.4",
      "resolved": "https://registry.npmjs.org/node-gyp-build/-/node-gyp-build-4.8.4.tgz",
      "integrity": "sha512-LA4ZjwlnUblHVgq0oBF3Jl/6h/Nvs5fzBLwdEF4nuxnFdsfajde4WfxtJr3CaiH+F6ewcIB/q4jQ4UzPyid+CQ==",
      "license": "MIT",
      "bin": {
        "node-gyp-build": "bin.js",
        "node-gyp-build-optional": "optional.js",
        "node-gyp-build-test": "build-test.js"
      }
    }
  }
}
